// !$*UTF8*$!
{
	archiveVersion = 1;
	classes = {
	};
	objectVersion = 55;
	objects = {

/* Begin PBXBuildFile section */
		90EA11612865BA4800A43D92 /* HeartPressureApp.swift in Sources */ = {isa = PBXBuildFile; fileRef = 90EA11602865BA4800A43D92 /* HeartPressureApp.swift */; };
		90EA11632865BA4800A43D92 /* ContentView.swift in Sources */ = {isa = PBXBuildFile; fileRef = 90EA11622865BA4800A43D92 /* ContentView.swift */; };
		90EA11652865BA4A00A43D92 /* Assets.xcassets in Resources */ = {isa = PBXBuildFile; fileRef = 90EA11642865BA4A00A43D92 /* Assets.xcassets */; };
		90EA11682865BA4A00A43D92 /* Preview Assets.xcassets in Resources */ = {isa = PBXBuildFile; fileRef = 90EA11672865BA4A00A43D92 /* Preview Assets.xcassets */; };
		90EA11722865BA4A00A43D92 /* HeartPressureTests.swift in Sources */ = {isa = PBXBuildFile; fileRef = 90EA11712865BA4A00A43D92 /* HeartPressureTests.swift */; };
		90EA117C2865BA4A00A43D92 /* HeartPressureUITests.swift in Sources */ = {isa = PBXBuildFile; fileRef = 90EA117B2865BA4A00A43D92 /* HeartPressureUITests.swift */; };
		90EA117E2865BA4A00A43D92 /* HeartPressureUITestsLaunchTests.swift in Sources */ = {isa = PBXBuildFile; fileRef = 90EA117D2865BA4A00A43D92 /* HeartPressureUITestsLaunchTests.swift */; };
/* End PBXBuildFile section */

/* Begin PBXContainerItemProxy section */
		90EA116E2865BA4A00A43D92 /* PBXContainerItemProxy */ = {
			isa = PBXContainerItemProxy;
			containerPortal = 90EA11552865BA4800A43D92 /* Project object */;
			proxyType = 1;
			remoteGlobalIDString = 90EA115C2865BA4800A43D92;
			remoteInfo = HeartPressure;
		};
		90EA11782865BA4A00A43D92 /* PBXContainerItemProxy */ = {
			isa = PBXContainerItemProxy;
			containerPortal = 90EA11552865BA4800A43D92 /* Project object */;
			proxyType = 1;
			remoteGlobalIDString = 90EA115C2865BA4800A43D92;
			remoteInfo = HeartPressure;
		};
/* End PBXContainerItemProxy section */

/* Begin PBXFileReference section */
		90EA115D2865BA4800A43D92 /* HeartPressure.app */ = {isa = PBXFileReference; explicitFileType = wrapper.application; includeInIndex = 0; path = HeartPressure.app; sourceTree = BUILT_PRODUCTS_DIR; };
		90EA11602865BA4800A43D92 /* HeartPressureApp.swift */ = {isa = PBXFileReference; lastKnownFileType = sourcecode.swift; path = HeartPressureApp.swift; sourceTree = "<group>"; };
		90EA11622865BA4800A43D92 /* ContentView.swift */ = {isa = PBXFileReference; lastKnownFileType = sourcecode.swift; path = ContentView.swift; sourceTree = "<group>"; };
		90EA11642865BA4A00A43D92 /* Assets.xcassets */ = {isa = PBXFileReference; lastKnownFileType = folder.assetcatalog; path = Assets.xcassets; sourceTree = "<group>"; };
		90EA11672865BA4A00A43D92 /* Preview Assets.xcassets */ = {isa = PBXFileReference; lastKnownFileType = folder.assetcatalog; path = "Preview Assets.xcassets"; sourceTree = "<group>"; };
		90EA116D2865BA4A00A43D92 /* HeartPressureTests.xctest */ = {isa = PBXFileReference; explicitFileType = wrapper.cfbundle; includeInIndex = 0; path = HeartPressureTests.xctest; sourceTree = BUILT_PRODUCTS_DIR; };
		90EA11712865BA4A00A43D92 /* HeartPressureTests.swift */ = {isa = PBXFileReference; lastKnownFileType = sourcecode.swift; path = HeartPressureTests.swift; sourceTree = "<group>"; };
		90EA11772865BA4A00A43D92 /* HeartPressureUITests.xctest */ = {isa = PBXFileReference; explicitFileType = wrapper.cfbundle; includeInIndex = 0; path = HeartPressureUITests.xctest; sourceTree = BUILT_PRODUCTS_DIR; };
		90EA117B2865BA4A00A43D92 /* HeartPressureUITests.swift */ = {isa = PBXFileReference; lastKnownFileType = sourcecode.swift; path = HeartPressureUITests.swift; sourceTree = "<group>"; };
		90EA117D2865BA4A00A43D92 /* HeartPressureUITestsLaunchTests.swift */ = {isa = PBXFileReference; lastKnownFileType = sourcecode.swift; path = HeartPressureUITestsLaunchTests.swift; sourceTree = "<group>"; };
/* End PBXFileReference section */

/* Begin PBXFrameworksBuildPhase section */
		90EA115A2865BA4800A43D92 /* Frameworks */ = {
			isa = PBXFrameworksBuildPhase;
			buildActionMask = 2147483647;
			files = (
			);
			runOnlyForDeploymentPostprocessing = 0;
		};
		90EA116A2865BA4A00A43D92 /* Frameworks */ = {
			isa = PBXFrameworksBuildPhase;
			buildActionMask = 2147483647;
			files = (
			);
			runOnlyForDeploymentPostprocessing = 0;
		};
		90EA11742865BA4A00A43D92 /* Frameworks */ = {
			isa = PBXFrameworksBuildPhase;
			buildActionMask = 2147483647;
			files = (
			);
			runOnlyForDeploymentPostprocessing = 0;
		};
/* End PBXFrameworksBuildPhase section */

/* Begin PBXGroup section */
		90EA11542865BA4800A43D92 = {
			isa = PBXGroup;
			children = (
				90EA115F2865BA4800A43D92 /* HeartPressure */,
				90EA11702865BA4A00A43D92 /* HeartPressureTests */,
				90EA117A2865BA4A00A43D92 /* HeartPressureUITests */,
				90EA115E2865BA4800A43D92 /* Products */,
			);
			sourceTree = "<group>";
		};
		90EA115E2865BA4800A43D92 /* Products */ = {
			isa = PBXGroup;
			children = (
				90EA115D2865BA4800A43D92 /* HeartPressure.app */,
				90EA116D2865BA4A00A43D92 /* HeartPressureTests.xctest */,
				90EA11772865BA4A00A43D92 /* HeartPressureUITests.xctest */,
			);
			name = Products;
			sourceTree = "<group>";
		};
		90EA115F2865BA4800A43D92 /* HeartPressure */ = {
			isa = PBXGroup;
			children = (
				90EA11602865BA4800A43D92 /* HeartPressureApp.swift */,
				90EA11622865BA4800A43D92 /* ContentView.swift */,
				90EA11642865BA4A00A43D92 /* Assets.xcassets */,
				90EA11662865BA4A00A43D92 /* Preview Content */,
			);
			path = HeartPressure;
			sourceTree = "<group>";
		};
		90EA11662865BA4A00A43D92 /* Preview Content */ = {
			isa = PBXGroup;
			children = (
				90EA11672865BA4A00A43D92 /* Preview Assets.xcassets */,
			);
			path = "Preview Content";
			sourceTree = "<group>";
		};
		90EA11702865BA4A00A43D92 /* HeartPressureTests */ = {
			isa = PBXGroup;
			children = (
				90EA11712865BA4A00A43D92 /* HeartPressureTests.swift */,
			);
			path = HeartPressureTests;
			sourceTree = "<group>";
		};
		90EA117A2865BA4A00A43D92 /* HeartPressureUITests */ = {
			isa = PBXGroup;
			children = (
				90EA117B2865BA4A00A43D92 /* HeartPressureUITests.swift */,
				90EA117D2865BA4A00A43D92 /* HeartPressureUITestsLaunchTests.swift */,
			);
			path = HeartPressureUITests;
			sourceTree = "<group>";
		};
/* End PBXGroup section */

/* Begin PBXNativeTarget section */
		90EA115C2865BA4800A43D92 /* HeartPressure */ = {
			isa = PBXNativeTarget;
			buildConfigurationList = 90EA11812865BA4A00A43D92 /* Build configuration list for PBXNativeTarget "HeartPressure" */;
			buildPhases = (
				90EA11592865BA4800A43D92 /* Sources */,
				90EA115A2865BA4800A43D92 /* Frameworks */,
				90EA115B2865BA4800A43D92 /* Resources */,
			);
			buildRules = (
			);
			dependencies = (
			);
			name = HeartPressure;
			productName = HeartPressure;
			productReference = 90EA115D2865BA4800A43D92 /* HeartPressure.app */;
			productType = "com.apple.product-type.application";
		};
		90EA116C2865BA4A00A43D92 /* HeartPressureTests */ = {
			isa = PBXNativeTarget;
			buildConfigurationList = 90EA11842865BA4A00A43D92 /* Build configuration list for PBXNativeTarget "HeartPressureTests" */;
			buildPhases = (
				90EA11692865BA4A00A43D92 /* Sources */,
				90EA116A2865BA4A00A43D92 /* Frameworks */,
				90EA116B2865BA4A00A43D92 /* Resources */,
			);
			buildRules = (
			);
			dependencies = (
				90EA116F2865BA4A00A43D92 /* PBXTargetDependency */,
			);
			name = HeartPressureTests;
			productName = HeartPressureTests;
			productReference = 90EA116D2865BA4A00A43D92 /* HeartPressureTests.xctest */;
			productType = "com.apple.product-type.bundle.unit-test";
		};
		90EA11762865BA4A00A43D92 /* HeartPressureUITests */ = {
			isa = PBXNativeTarget;
			buildConfigurationList = 90EA11872865BA4A00A43D92 /* Build configuration list for PBXNativeTarget "HeartPressureUITests" */;
			buildPhases = (
				90EA11732865BA4A00A43D92 /* Sources */,
				90EA11742865BA4A00A43D92 /* Frameworks */,
				90EA11752865BA4A00A43D92 /* Resources */,
			);
			buildRules = (
			);
			dependencies = (
				90EA11792865BA4A00A43D92 /* PBXTargetDependency */,
			);
			name = HeartPressureUITests;
			productName = HeartPressureUITests;
			productReference = 90EA11772865BA4A00A43D92 /* HeartPressureUITests.xctest */;
			productType = "com.apple.product-type.bundle.ui-testing";
		};
/* End PBXNativeTarget section */

/* Begin PBXProject section */
		90EA11552865BA4800A43D92 /* Project object */ = {
			isa = PBXProject;
			attributes = {
				BuildIndependentTargetsInParallel = 1;
				LastSwiftUpdateCheck = 1320;
				LastUpgradeCheck = 1320;
				TargetAttributes = {
					90EA115C2865BA4800A43D92 = {
						CreatedOnToolsVersion = 13.2.1;
					};
					90EA116C2865BA4A00A43D92 = {
						CreatedOnToolsVersion = 13.2.1;
						TestTargetID = 90EA115C2865BA4800A43D92;
					};
					90EA11762865BA4A00A43D92 = {
						CreatedOnToolsVersion = 13.2.1;
						TestTargetID = 90EA115C2865BA4800A43D92;
					};
				};
			};
			buildConfigurationList = 90EA11582865BA4800A43D92 /* Build configuration list for PBXProject "HeartPressure" */;
			compatibilityVersion = "Xcode 13.0";
			developmentRegion = en;
			hasScannedForEncodings = 0;
			knownRegions = (
				en,
				Base,
			);
			mainGroup = 90EA11542865BA4800A43D92;
			productRefGroup = 90EA115E2865BA4800A43D92 /* Products */;
			projectDirPath = "";
			projectRoot = "";
			targets = (
				90EA115C2865BA4800A43D92 /* HeartPressure */,
				90EA116C2865BA4A00A43D92 /* HeartPressureTests */,
				90EA11762865BA4A00A43D92 /* HeartPressureUITests */,
			);
		};
/* End PBXProject section */

/* Begin PBXResourcesBuildPhase section */
		90EA115B2865BA4800A43D92 /* Resources */ = {
			isa = PBXResourcesBuildPhase;
			buildActionMask = 2147483647;
			files = (
				90EA11682865BA4A00A43D92 /* Preview Assets.xcassets in Resources */,
				90EA11652865BA4A00A43D92 /* Assets.xcassets in Resources */,
			);
			runOnlyForDeploymentPostprocessing = 0;
		};
		90EA116B2865BA4A00A43D92 /* Resources */ = {
			isa = PBXResourcesBuildPhase;
			buildActionMask = 2147483647;
			files = (
			);
			runOnlyForDeploymentPostprocessing = 0;
		};
		90EA11752865BA4A00A43D92 /* Resources */ = {
			isa = PBXResourcesBuildPhase;
			buildActionMask = 2147483647;
			files = (
			);
			runOnlyForDeploymentPostprocessing = 0;
		};
/* End PBXResourcesBuildPhase section */

/* Begin PBXSourcesBuildPhase section */
		90EA11592865BA4800A43D92 /* Sources */ = {
			isa = PBXSourcesBuildPhase;
			buildActionMask = 2147483647;
			files = (
				90EA11632865BA4800A43D92 /* ContentView.swift in Sources */,
				90EA11612865BA4800A43D92 /* HeartPressureApp.swift in Sources */,
			);
			runOnlyForDeploymentPostprocessing = 0;
		};
		90EA11692865BA4A00A43D92 /* Sources */ = {
			isa = PBXSourcesBuildPhase;
			buildActionMask = 2147483647;
			files = (
				90EA11722865BA4A00A43D92 /* HeartPressureTests.swift in Sources */,
			);
			runOnlyForDeploymentPostprocessing = 0;
		};
		90EA11732865BA4A00A43D92 /* Sources */ = {
			isa = PBXSourcesBuildPhase;
			buildActionMask = 2147483647;
			files = (
				90EA117E2865BA4A00A43D92 /* HeartPressureUITestsLaunchTests.swift in Sources */,
				90EA117C2865BA4A00A43D92 /* HeartPressureUITests.swift in Sources */,
			);
			runOnlyForDeploymentPostprocessing = 0;
		};
/* End PBXSourcesBuildPhase section */

/* Begin PBXTargetDependency section */
		90EA116F2865BA4A00A43D92 /* PBXTargetDependency */ = {
			isa = PBXTargetDependency;
			target = 90EA115C2865BA4800A43D92 /* HeartPressure */;
			targetProxy = 90EA116E2865BA4A00A43D92 /* PBXContainerItemProxy */;
		};
		90EA11792865BA4A00A43D92 /* PBXTargetDependency */ = {
			isa = PBXTargetDependency;
			target = 90EA115C2865BA4800A43D92 /* HeartPressure */;
			targetProxy = 90EA11782865BA4A00A43D92 /* PBXContainerItemProxy */;
		};
/* End PBXTargetDependency section */

/* Begin XCBuildConfiguration section */
		90EA117F2865BA4A00A43D92 /* Debug */ = {
			isa = XCBuildConfiguration;
			buildSettings = {
				ALWAYS_SEARCH_USER_PATHS = NO;
				CLANG_ANALYZER_NONNULL = YES;
				CLANG_ANALYZER_NUMBER_OBJECT_CONVERSION = YES_AGGRESSIVE;
				CLANG_CXX_LANGUAGE_STANDARD = "gnu++17";
				CLANG_CXX_LIBRARY = "libc++";
				CLANG_ENABLE_MODULES = YES;
				CLANG_ENABLE_OBJC_ARC = YES;
				CLANG_ENABLE_OBJC_WEAK = YES;
				CLANG_WARN_BLOCK_CAPTURE_AUTORELEASING = YES;
				CLANG_WARN_BOOL_CONVERSION = YES;
				CLANG_WARN_COMMA = YES;
				CLANG_WARN_CONSTANT_CONVERSION = YES;
				CLANG_WARN_DEPRECATED_OBJC_IMPLEMENTATIONS = YES;
				CLANG_WARN_DIRECT_OBJC_ISA_USAGE = YES_ERROR;
				CLANG_WARN_DOCUMENTATION_COMMENTS = YES;
				CLANG_WARN_EMPTY_BODY = YES;
				CLANG_WARN_ENUM_CONVERSION = YES;
				CLANG_WARN_INFINITE_RECURSION = YES;
				CLANG_WARN_INT_CONVERSION = YES;
				CLANG_WARN_NON_LITERAL_NULL_CONVERSION = YES;
				CLANG_WARN_OBJC_IMPLICIT_RETAIN_SELF = YES;
				CLANG_WARN_OBJC_LITERAL_CONVERSION = YES;
				CLANG_WARN_OBJC_ROOT_CLASS = YES_ERROR;
				CLANG_WARN_QUOTED_INCLUDE_IN_FRAMEWORK_HEADER = YES;
				CLANG_WARN_RANGE_LOOP_ANALYSIS = YES;
				CLANG_WARN_STRICT_PROTOTYPES = YES;
				CLANG_WARN_SUSPICIOUS_MOVE = YES;
				CLANG_WARN_UNGUARDED_AVAILABILITY = YES_AGGRESSIVE;
				CLANG_WARN_UNREACHABLE_CODE = YES;
				CLANG_WARN__DUPLICATE_METHOD_MATCH = YES;
				COPY_PHASE_STRIP = NO;
				DEBUG_INFORMATION_FORMAT = dwarf;
				ENABLE_STRICT_OBJC_MSGSEND = YES;
				ENABLE_TESTABILITY = YES;
				GCC_C_LANGUAGE_STANDARD = gnu11;
				GCC_DYNAMIC_NO_PIC = NO;
				GCC_NO_COMMON_BLOCKS = YES;
				GCC_OPTIMIZATION_LEVEL = 0;
				GCC_PREPROCESSOR_DEFINITIONS = (
					"DEBUG=1",
					"$(inherited)",
				);
				GCC_WARN_64_TO_32_BIT_CONVERSION = YES;
				GCC_WARN_ABOUT_RETURN_TYPE = YES_ERROR;
				GCC_WARN_UNDECLARED_SELECTOR = YES;
				GCC_WARN_UNINITIALIZED_AUTOS = YES_AGGRESSIVE;
				GCC_WARN_UNUSED_FUNCTION = YES;
				GCC_WARN_UNUSED_VARIABLE = YES;
				IPHONEOS_DEPLOYMENT_TARGET = 15.2;
				MTL_ENABLE_DEBUG_INFO = INCLUDE_SOURCE;
				MTL_FAST_MATH = YES;
				ONLY_ACTIVE_ARCH = YES;
				SDKROOT = iphoneos;
				SWIFT_ACTIVE_COMPILATION_CONDITIONS = DEBUG;
				SWIFT_OPTIMIZATION_LEVEL = "-Onone";
			};
			name = Debug;
		};
		90EA11802865BA4A00A43D92 /* Release */ = {
			isa = XCBuildConfiguration;
			buildSettings = {
				ALWAYS_SEARCH_USER_PATHS = NO;
				CLANG_ANALYZER_NONNULL = YES;
				CLANG_ANALYZER_NUMBER_OBJECT_CONVERSION = YES_AGGRESSIVE;
				CLANG_CXX_LANGUAGE_STANDARD = "gnu++17";
				CLANG_CXX_LIBRARY = "libc++";
				CLANG_ENABLE_MODULES = YES;
				CLANG_ENABLE_OBJC_ARC = YES;
				CLANG_ENABLE_OBJC_WEAK = YES;
				CLANG_WARN_BLOCK_CAPTURE_AUTORELEASING = YES;
				CLANG_WARN_BOOL_CONVERSION = YES;
				CLANG_WARN_COMMA = YES;
				CLANG_WARN_CONSTANT_CONVERSION = YES;
				CLANG_WARN_DEPRECATED_OBJC_IMPLEMENTATIONS = YES;
				CLANG_WARN_DIRECT_OBJC_ISA_USAGE = YES_ERROR;
				CLANG_WARN_DOCUMENTATION_COMMENTS = YES;
				CLANG_WARN_EMPTY_BODY = YES;
				CLANG_WARN_ENUM_CONVERSION = YES;
				CLANG_WARN_INFINITE_RECURSION = YES;
				CLANG_WARN_INT_CONVERSION = YES;
				CLANG_WARN_NON_LITERAL_NULL_CONVERSION = YES;
				CLANG_WARN_OBJC_IMPLICIT_RETAIN_SELF = YES;
				CLANG_WARN_OBJC_LITERAL_CONVERSION = YES;
				CLANG_WARN_OBJC_ROOT_CLASS = YES_ERROR;
				CLANG_WARN_QUOTED_INCLUDE_IN_FRAMEWORK_HEADER = YES;
				CLANG_WARN_RANGE_LOOP_ANALYSIS = YES;
				CLANG_WARN_STRICT_PROTOTYPES = YES;
				CLANG_WARN_SUSPICIOUS_MOVE = YES;
				CLANG_WARN_UNGUARDED_AVAILABILITY = YES_AGGRESSIVE;
				CLANG_WARN_UNREACHABLE_CODE = YES;
				CLANG_WARN__DUPLICATE_METHOD_MATCH = YES;
				COPY_PHASE_STRIP = NO;
				DEBUG_INFORMATION_FORMAT = "dwarf-with-dsym";
				ENABLE_NS_ASSERTIONS = NO;
				ENABLE_STRICT_OBJC_MSGSEND = YES;
				GCC_C_LANGUAGE_STANDARD = gnu11;
				GCC_NO_COMMON_BLOCKS = YES;
				GCC_WARN_64_TO_32_BIT_CONVERSION = YES;
				GCC_WARN_ABOUT_RETURN_TYPE = YES_ERROR;
				GCC_WARN_UNDECLARED_SELECTOR = YES;
				GCC_WARN_UNINITIALIZED_AUTOS = YES_AGGRESSIVE;
				GCC_WARN_UNUSED_FUNCTION = YES;
				GCC_WARN_UNUSED_VARIABLE = YES;
				IPHONEOS_DEPLOYMENT_TARGET = 15.2;
				MTL_ENABLE_DEBUG_INFO = NO;
				MTL_FAST_MATH = YES;
				SDKROOT = iphoneos;
				SWIFT_COMPILATION_MODE = wholemodule;
				SWIFT_OPTIMIZATION_LEVEL = "-O";
				VALIDATE_PRODUCT = YES;
			};
			name = Release;
		};
		90EA11822865BA4A00A43D92 /* Debug */ = {
			isa = XCBuildConfiguration;
			buildSettings = {
				ASSETCATALOG_COMPILER_APPICON_NAME = AppIcon;
				ASSETCATALOG_COMPILER_GLOBAL_ACCENT_COLOR_NAME = AccentColor;
				CODE_SIGN_STYLE = Automatic;
				CURRENT_PROJECT_VERSION = 1;
				DEVELOPMENT_ASSET_PATHS = "\"HeartPressure/Preview Content\"";
				ENABLE_PREVIEWS = YES;
				GENERATE_INFOPLIST_FILE = YES;
				INFOPLIST_KEY_UIApplicationSceneManifest_Generation = YES;
				INFOPLIST_KEY_UIApplicationSupportsIndirectInputEvents = YES;
				INFOPLIST_KEY_UILaunchScreen_Generation = YES;
				INFOPLIST_KEY_UISupportedInterfaceOrientations_iPad = "UIInterfaceOrientationPortrait UIInterfaceOrientationPortraitUpsideDown UIInterfaceOrientationLandscapeLeft UIInterfaceOrientationLandscapeRight";
				INFOPLIST_KEY_UISupportedInterfaceOrientations_iPhone = "UIInterfaceOrientationPortrait UIInterfaceOrientationLandscapeLeft UIInterfaceOrientationLandscapeRight";
				LD_RUNPATH_SEARCH_PATHS = (
					"$(inherited)",
					"@executable_path/Frameworks",
				);
				MARKETING_VERSION = 1.0;
				PRODUCT_BUNDLE_IDENTIFIER = "-11.HeartPressure";
				PRODUCT_NAME = "$(TARGET_NAME)";
				SWIFT_EMIT_LOC_STRINGS = YES;
				SWIFT_VERSION = 5.0;
				TARGETED_DEVICE_FAMILY = "1,2";
			};
			name = Debug;
		};
		90EA11832865BA4A00A43D92 /* Release */ = {
			isa = XCBuildConfiguration;
			buildSettings = {
				ASSETCATALOG_COMPILER_APPICON_NAME = AppIcon;
				ASSETCATALOG_COMPILER_GLOBAL_ACCENT_COLOR_NAME = AccentColor;
				CODE_SIGN_STYLE = Automatic;
				CURRENT_PROJECT_VERSION = 1;
				DEVELOPMENT_ASSET_PATHS = "\"HeartPressure/Preview Content\"";
				ENABLE_PREVIEWS = YES;
				GENERATE_INFOPLIST_FILE = YES;
				INFOPLIST_KEY_UIApplicationSceneManifest_Generation = YES;
				INFOPLIST_KEY_UIApplicationSupportsIndirectInputEvents = YES;
				INFOPLIST_KEY_UILaunchScreen_Generation = YES;
				INFOPLIST_KEY_UISupportedInterfaceOrientations_iPad = "UIInterfaceOrientationPortrait UIInterfaceOrientationPortraitUpsideDown UIInterfaceOrientationLandscapeLeft UIInterfaceOrientationLandscapeRight";
				INFOPLIST_KEY_UISupportedInterfaceOrientations_iPhone = "UIInterfaceOrientationPortrait UIInterfaceOrientationLandscapeLeft UIInterfaceOrientationLandscapeRight";
				LD_RUNPATH_SEARCH_PATHS = (
					"$(inherited)",
					"@executable_path/Frameworks",
				);
				MARKETING_VERSION = 1.0;
				PRODUCT_BUNDLE_IDENTIFIER = "-11.HeartPressure";
				PRODUCT_NAME = "$(TARGET_NAME)";
				SWIFT_EMIT_LOC_STRINGS = YES;
				SWIFT_VERSION = 5.0;
				TARGETED_DEVICE_FAMILY = "1,2";
			};
			name = Release;
		};
		90EA11852865BA4A00A43D92 /* Debug */ = {
			isa = XCBuildConfiguration;
			buildSettings = {
				ALWAYS_EMBED_SWIFT_STANDARD_LIBRARIES = YES;
				BUNDLE_LOADER = "$(TEST_HOST)";
				CODE_SIGN_STYLE = Automatic;
				CURRENT_PROJECT_VERSION = 1;
				GENERATE_INFOPLIST_FILE = YES;
				IPHONEOS_DEPLOYMENT_TARGET = 15.2;
				MARKETING_VERSION = 1.0;
				PRODUCT_BUNDLE_IDENTIFIER = "-11.HeartPressureTests";
				PRODUCT_NAME = "$(TARGET_NAME)";
				SWIFT_EMIT_LOC_STRINGS = NO;
				SWIFT_VERSION = 5.0;
				TARGETED_DEVICE_FAMILY = "1,2";
				TEST_HOST = "$(BUILT_PRODUCTS_DIR)/HeartPressure.app/HeartPressure";
			};
			name = Debug;
		};
		90EA11862865BA4A00A43D92 /* Release */ = {
			isa = XCBuildConfiguration;
			buildSettings = {
				ALWAYS_EMBED_SWIFT_STANDARD_LIBRARIES = YES;
				BUNDLE_LOADER = "$(TEST_HOST)";
				CODE_SIGN_STYLE = Automatic;
				CURRENT_PROJECT_VERSION = 1;
				GENERATE_INFOPLIST_FILE = YES;
				IPHONEOS_DEPLOYMENT_TARGET = 15.2;
				MARKETING_VERSION = 1.0;
				PRODUCT_BUNDLE_IDENTIFIER = "-11.HeartPressureTests";
				PRODUCT_NAME = "$(TARGET_NAME)";
				SWIFT_EMIT_LOC_STRINGS = NO;
				SWIFT_VERSION = 5.0;
				TARGETED_DEVICE_FAMILY = "1,2";
				TEST_HOST = "$(BUILT_PRODUCTS_DIR)/HeartPressure.app/HeartPressure";
			};
			name = Release;
		};
		90EA11882865BA4A00A43D92 /* Debug */ = {
			isa = XCBuildConfiguration;
			buildSettings = {
				ALWAYS_EMBED_SWIFT_STANDARD_LIBRARIES = YES;
				CODE_SIGN_STYLE = Automatic;
				CURRENT_PROJECT_VERSION = 1;
				GENERATE_INFOPLIST_FILE = YES;
				MARKETING_VERSION = 1.0;
				PRODUCT_BUNDLE_IDENTIFIER = "-11.HeartPressureUITests";
				PRODUCT_NAME = "$(TARGET_NAME)";
				SWIFT_EMIT_LOC_STRINGS = NO;
				SWIFT_VERSION = 5.0;
				TARGETED_DEVICE_FAMILY = "1,2";
				TEST_TARGET_NAME = HeartPressure;
			};
			name = Debug;
		};
		90EA11892865BA4A00A43D92 /* Release */ = {
			isa = XCBuildConfiguration;
			buildSettings = {
				ALWAYS_EMBED_SWIFT_STANDARD_LIBRARIES = YES;
				CODE_SIGN_STYLE = Automatic;
				CURRENT_PROJECT_VERSION = 1;
				GENERATE_INFOPLIST_FILE = YES;
				MARKETING_VERSION = 1.0;
				PRODUCT_BUNDLE_IDENTIFIER = "-11.HeartPressureUITests";
				PRODUCT_NAME = "$(TARGET_NAME)";
				SWIFT_EMIT_LOC_STRINGS = NO;
				SWIFT_VERSION = 5.0;
				TARGETED_DEVICE_FAMILY = "1,2";
				TEST_TARGET_NAME = HeartPressure;
			};
			name = Release;
		};
/* End XCBuildConfiguration section */

/* Begin XCConfigurationList section */
		90EA11582865BA4800A43D92 /* Build configuration list for PBXProject "HeartPressure" */ = {
			isa = XCConfigurationList;
			buildConfigurations = (
				90EA117F2865BA4A00A43D92 /* Debug */,
				90EA11802865BA4A00A43D92 /* Release */,
			);
			defaultConfigurationIsVisible = 0;
			defaultConfigurationName = Release;
		};
		90EA11812865BA4A00A43D92 /* Build configuration list for PBXNativeTarget "HeartPressure" */ = {
			isa = XCConfigurationList;
			buildConfigurations = (
				90EA11822865BA4A00A43D92 /* Debug */,
				90EA11832865BA4A00A43D92 /* Release */,
			);
			defaultConfigurationIsVisible = 0;
			defaultConfigurationName = Release;
		};
		90EA11842865BA4A00A43D92 /* Build configuration list for PBXNativeTarget "HeartPressureTests" */ = {
			isa = XCConfigurationList;
			buildConfigurations = (
				90EA11852865BA4A00A43D92 /* Debug */,
				90EA11862865BA4A00A43D92 /* Release */,
			);
			defaultConfigurationIsVisible = 0;
			defaultConfigurationName = Release;
		};
		90EA11872865BA4A00A43D92 /* Build configuration list for PBXNativeTarget "HeartPressureUITests" */ = {
			isa = XCConfigurationList;
			buildConfigurations = (
				90EA11882865BA4A00A43D92 /* Debug */,
				90EA11892865BA4A00A43D92 /* Release */,
			);
			defaultConfigurationIsVisible = 0;
			defaultConfigurationName = Release;
		};
/* End XCConfigurationList section */
	};
	rootObject = 90EA11552865BA4800A43D92 /* Project object */;
}
